<?xml version="1.0" encoding="utf-8"?>
<Project ToolsVersion="4.0" xmlns="http://schemas.microsoft.com/developer/msbuild/2003">
  <ItemGroup>
    <Filter Include="DreamTools">
      <UniqueIdentifier>{DFDB218D-CB93-63DA-349B-3C362072FECA}</UniqueIdentifier>
    </Filter>
    <Filter Include="DreamTools\Core">
      <UniqueIdentifier>{97432ACF-03CF-9793-0CE0-1A8878EAF393}</UniqueIdentifier>
    </Filter>
    <Filter Include="DreamTools\Events">
      <UniqueIdentifier>{E396EB47-4FAD-E9DD-9824-75FF047ABA65}</UniqueIdentifier>
    </Filter>
    <Filter Include="DreamTools\ImGui">
      <UniqueIdentifier>{497CDDB4-3575-FC06-5EA7-E18B4AFFDB12}</UniqueIdentifier>
    </Filter>
    <Filter Include="Platform">
      <UniqueIdentifier>{2AC788B4-1694-E3BF-3FAD-D1672BD9184E}</UniqueIdentifier>
    </Filter>
    <Filter Include="Platform\OpenGL">
      <UniqueIdentifier>{1E7D2C1D-8A08-9AE1-9319-1DD6FF23F6E1}</UniqueIdentifier>
    </Filter>
    <Filter Include="Platform\Windows">
      <UniqueIdentifier>{64FBD71A-50F4-F66C-7926-DCF1657ED678}</UniqueIdentifier>
    </Filter>
  </ItemGroup>
  <ItemGroup>
    <ClInclude Include="src\DreamTools.h" />
    <ClInclude Include="src\DreamTools\Application.h">
      <Filter>DreamTools</Filter>
    </ClInclude>
    <ClInclude Include="src\DreamTools\Core.h">
      <Filter>DreamTools</Filter>
    </ClInclude>
    <ClInclude Include="src\DreamTools\Core\Base.h">
      <Filter>DreamTools\Core</Filter>
    </ClInclude>
    <ClInclude Include="src\DreamTools\Core\KeyCodes.h">
      <Filter>DreamTools\Core</Filter>
    </ClInclude>
    <ClInclude Include="src\DreamTools\Core\MouseCodes.h">
      <Filter>DreamTools\Core</Filter>
    </ClInclude>
    <ClInclude Include="src\DreamTools\EntryPoint.h">
      <Filter>DreamTools</Filter>
    </ClInclude>
    <ClInclude Include="src\DreamTools\Events\ApplicationEvent.h">
      <Filter>DreamTools\Events</Filter>
    </ClInclude>
    <ClInclude Include="src\DreamTools\Events\Event.h">
      <Filter>DreamTools\Events</Filter>
    </ClInclude>
    <ClInclude Include="src\DreamTools\Events\KeyEvent.h">
      <Filter>DreamTools\Events</Filter>
    </ClInclude>
    <ClInclude Include="src\DreamTools\Events\MouseEvent.h">
      <Filter>DreamTools\Events</Filter>
    </ClInclude>
    <ClInclude Include="src\DreamTools\ImGui\ImGuiLayer.h">
      <Filter>DreamTools\ImGui</Filter>
    </ClInclude>
    <ClInclude Include="src\DreamTools\Input.h">
      <Filter>DreamTools</Filter>
    </ClInclude>
    <ClInclude Include="src\DreamTools\Layer.h">
      <Filter>DreamTools</Filter>
    </ClInclude>
    <ClInclude Include="src\DreamTools\LayerStack.h">
      <Filter>DreamTools</Filter>
    </ClInclude>
    <ClInclude Include="src\DreamTools\Log.h">
      <Filter>DreamTools</Filter>
    </ClInclude>
    <ClInclude Include="src\DreamTools\Window.h">
      <Filter>DreamTools</Filter>
    </ClInclude>
    <ClInclude Include="src\Input.h" />
    <ClInclude Include="src\Platform\OpenGL\ImGuiOpenGLRenderer.h">
      <Filter>Platform\OpenGL</Filter>
    </ClInclude>
    <ClInclude Include="src\Platform\Windows\WindowsInput.h">
      <Filter>Platform\Windows</Filter>
    </ClInclude>
    <ClInclude Include="src\Platform\Windows\WindowsWindow.h">
      <Filter>Platform\Windows</Filter>
    </ClInclude>
    <ClInclude Include="src\dtpch.h" />
  </ItemGroup>
  <ItemGroup>
    <ClCompile Include="src\DreamTools\Application.cpp">
      <Filter>DreamTools</Filter>
    </ClCompile>
    <ClCompile Include="src\DreamTools\ImGui\ImGuiLayer.cpp">
      <Filter>DreamTools\ImGui</Filter>
    </ClCompile>
    <ClCompile Include="src\DreamTools\Layer.cpp">
      <Filter>DreamTools</Filter>
    </ClCompile>
    <ClCompile Include="src\DreamTools\LayerStack.cpp">
      <Filter>DreamTools</Filter>
    </ClCompile>
    <ClCompile Include="src\DreamTools\Log.cpp">
      <Filter>DreamTools</Filter>
    </ClCompile>
    <ClCompile Include="src\Platform\OpenGL\ImGuiOpenGLRenderer.cpp">
      <Filter>Platform\OpenGL</Filter>
    </ClCompile>
    <ClCompile Include="src\Platform\Windows\WindowsInput.cpp">
      <Filter>Platform\Windows</Filter>
    </ClCompile>
    <ClCompile Include="src\Platform\Windows\WindowsWindow.cpp">
      <Filter>Platform\Windows</Filter>
    </ClCompile>
    <ClCompile Include="src\dtpch.cpp" />
  </ItemGroup>
</Project>