<?xml version="1.0" encoding="utf-8"?>
<Project ToolsVersion="4.0" xmlns="http://schemas.microsoft.com/developer/msbuild/2003">
  <ItemGroup>
    <Filter Include="DreamTools">
      <UniqueIdentifier>{DFDB218D-CB93-63DA-349B-3C362072FECA}</UniqueIdentifier>
    </Filter>
    <Filter Include="DreamTools\Core">
      <UniqueIdentifier>{97432ACF-03CF-9793-0CE0-1A8878EAF393}</UniqueIdentifier>
    </Filter>
    <Filter Include="DreamTools\Events">
      <UniqueIdentifier>{E396EB47-4FAD-E9DD-9824-75FF047ABA65}</UniqueIdentifier>
    </Filter>
  </ItemGroup>
  <ItemGroup>
    <ClInclude Include="src\DreamTools.h" />
    <ClInclude Include="src\DreamTools\Application.h">
      <Filter>DreamTools</Filter>
    </ClInclude>
    <ClInclude Include="src\DreamTools\Core.h">
      <Filter>DreamTools</Filter>
    </ClInclude>
    <ClInclude Include="src\DreamTools\Core\Base.h">
      <Filter>DreamTools\Core</Filter>
    </ClInclude>
    <ClInclude Include="src\DreamTools\Core\KeyCodes.h">
      <Filter>DreamTools\Core</Filter>
    </ClInclude>
    <ClInclude Include="src\DreamTools\Core\MouseCodes.h">
      <Filter>DreamTools\Core</Filter>
    </ClInclude>
    <ClInclude Include="src\DreamTools\EntryPoint.h">
      <Filter>DreamTools</Filter>
    </ClInclude>
    <ClInclude Include="src\DreamTools\Events\ApplicationEvent.h">
      <Filter>DreamTools\Events</Filter>
    </ClInclude>
    <ClInclude Include="src\DreamTools\Events\Event.h">
      <Filter>DreamTools\Events</Filter>
    </ClInclude>
    <ClInclude Include="src\DreamTools\Events\KeyEvent.h">
      <Filter>DreamTools\Events</Filter>
    </ClInclude>
    <ClInclude Include="src\DreamTools\Events\MouseEvent.h">
      <Filter>DreamTools\Events</Filter>
    </ClInclude>
    <ClInclude Include="src\DreamTools\Log.h">
      <Filter>DreamTools</Filter>
    </ClInclude>
    <ClInclude Include="src\dtpch.h" />
  </ItemGroup>
  <ItemGroup>
    <ClCompile Include="src\DreamTools\Application.cpp">
      <Filter>DreamTools</Filter>
    </ClCompile>
    <ClCompile Include="src\DreamTools\Log.cpp">
      <Filter>DreamTools</Filter>
    </ClCompile>
    <ClCompile Include="src\dtpch.cpp" />
  </ItemGroup>
</Project>